
Microsoft Visual Studio Solution File, Format Version 12.00
# Visual Studio Version 16
VisualStudioVersion = 16.0.32126.315
MinimumVisualStudioVersion = 10.0.40219.1
Project("{FAE04EC0-301F-11D3-BF4B-00C04F79EFBC}") = "Act1-SimpleCalculator", "Act1-SimpleCalculator\Act1-SimpleCalculator.csproj", "{63750776-B437-44BE-A23B-2C50F7462008}"
EndProject
Global
	GlobalSection(SolutionConfigurationPlatforms) = preSolution
		Debug|Any CPU = Debug|Any CPU
		Release|Any CPU = Release|Any CPU
	EndGlobalSection
	GlobalSection(ProjectConfigurationPlatforms) = postSolution
		{63750776-B437-44BE-A23B-2C50F7462008}.Debug|Any CPU.ActiveCfg = Debug|Any CPU
		{63750776-B437-44BE-A23B-2C50F7462008}.Debug|Any CPU.Build.0 = Debug|Any CPU
		{63750776-B437-44BE-A23B-2C50F7462008}.Release|Any CPU.ActiveCfg = Release|Any CPU
		{63750776-B437-44BE-A23B-2C50F7462008}.Release|Any CPU.Build.0 = Release|Any CPU
	EndGlobalSection
	GlobalSection(SolutionProperties) = preSolution
		HideSolutionNode = FALSE
	EndGlobalSection
	GlobalSection(ExtensibilityGlobals) = postSolution
		SolutionGuid = {4F3064BD-0BE0-4E40-B7B3-089AB6E80951}
	EndGlobalSection
EndGlobal
